// !$*UTF8*$!
{
	archiveVersion = 1;
	classes = {
	};
	objectVersion = 46;
	objects = {

/* Begin PBXBuildFile section */
		7E0531F01AB5C8050083CB08 /* SWRevealViewController.m in Sources */ = {isa = PBXBuildFile; fileRef = 7E0531EF1AB5C8050083CB08 /* SWRevealViewController.m */; };
		7E0531F41AB5CBE90083CB08 /* SideMenuTableViewController.m in Sources */ = {isa = PBXBuildFile; fileRef = 7E0531F31AB5CBE90083CB08 /* SideMenuTableViewController.m */; };
		7E32914F1AB8746B005D7290 /* Helper.m in Sources */ = {isa = PBXBuildFile; fileRef = 7E32914E1AB8746B005D7290 /* Helper.m */; };
		7EA8C3B91AB9CC2800523C1A /* News.m in Sources */ = {isa = PBXBuildFile; fileRef = 7EA8C3B81AB9CC2800523C1A /* News.m */; };
		7EA8C3BC1AB9CC2900523C1A /* MataKuliah.m in Sources */ = {isa = PBXBuildFile; fileRef = 7EA8C3BB1AB9CC2900523C1A /* MataKuliah.m */; };
		7EA8C3BF1AB9CC2900523C1A /* MataKuliahMahasiswa.m in Sources */ = {isa = PBXBuildFile; fileRef = 7EA8C3BE1AB9CC2900523C1A /* MataKuliahMahasiswa.m */; };
		7EA8C3C21AB9CC2900523C1A /* SemesterMahasiswa.m in Sources */ = {isa = PBXBuildFile; fileRef = 7EA8C3C11AB9CC2900523C1A /* SemesterMahasiswa.m */; };
		7EA8C3C51AB9CC2900523C1A /* Mahasiswa.m in Sources */ = {isa = PBXBuildFile; fileRef = 7EA8C3C41AB9CC2900523C1A /* Mahasiswa.m */; };
		7EA8C3C81AB9CC2900523C1A /* Jurusan.m in Sources */ = {isa = PBXBuildFile; fileRef = 7EA8C3C71AB9CC2900523C1A /* Jurusan.m */; };
		7EA8C3CB1AB9D7C900523C1A /* ProfileViewController.m in Sources */ = {isa = PBXBuildFile; fileRef = 7EA8C3CA1AB9D7C900523C1A /* ProfileViewController.m */; };
		7EA8C3CE1AB9D91300523C1A /* KrsTableViewController.m in Sources */ = {isa = PBXBuildFile; fileRef = 7EA8C3CD1AB9D91300523C1A /* KrsTableViewController.m */; };
		7EA8C3D11AB9DA6C00523C1A /* StudyTableViewController.m in Sources */ = {isa = PBXBuildFile; fileRef = 7EA8C3D01AB9DA6C00523C1A /* StudyTableViewController.m */; };
		C96EE9E01A32035A00204AA3 /* main.m in Sources */ = {isa = PBXBuildFile; fileRef = C96EE9DF1A32035A00204AA3 /* main.m */; };
		C96EE9E31A32035A00204AA3 /* AppDelegate.m in Sources */ = {isa = PBXBuildFile; fileRef = C96EE9E21A32035A00204AA3 /* AppDelegate.m */; };
		C96EE9E61A32035A00204AA3 /* KRS_Online.xcdatamodeld in Sources */ = {isa = PBXBuildFile; fileRef = C96EE9E41A32035A00204AA3 /* KRS_Online.xcdatamodeld */; };
		C96EE9E91A32035A00204AA3 /* ViewController.m in Sources */ = {isa = PBXBuildFile; fileRef = C96EE9E81A32035A00204AA3 /* ViewController.m */; };
		C96EE9EC1A32035A00204AA3 /* Main.storyboard in Resources */ = {isa = PBXBuildFile; fileRef = C96EE9EA1A32035A00204AA3 /* Main.storyboard */; };
		C96EE9EE1A32035A00204AA3 /* Images.xcassets in Resources */ = {isa = PBXBuildFile; fileRef = C96EE9ED1A32035A00204AA3 /* Images.xcassets */; };
		C96EE9FA1A32035B00204AA3 /* KRS_OnlineTests.m in Sources */ = {isa = PBXBuildFile; fileRef = C96EE9F91A32035B00204AA3 /* KRS_OnlineTests.m */; };
		C9934A021AB092D4009DA950 /* DashboardController.m in Sources */ = {isa = PBXBuildFile; fileRef = C9934A011AB092D4009DA950 /* DashboardController.m */; };
/* End PBXBuildFile section */

/* Begin PBXContainerItemProxy section */
		C96EE9F41A32035A00204AA3 /* PBXContainerItemProxy */ = {
			isa = PBXContainerItemProxy;
			containerPortal = C96EE9D21A32035A00204AA3 /* Project object */;
			proxyType = 1;
			remoteGlobalIDString = C96EE9D91A32035A00204AA3;
			remoteInfo = "KRS Online";
		};
/* End PBXContainerItemProxy section */

/* Begin PBXFileReference section */
		7E0531EE1AB5C8050083CB08 /* SWRevealViewController.h */ = {isa = PBXFileReference; fileEncoding = 4; lastKnownFileType = sourcecode.c.h; path = SWRevealViewController.h; sourceTree = "<group>"; };
		7E0531EF1AB5C8050083CB08 /* SWRevealViewController.m */ = {isa = PBXFileReference; fileEncoding = 4; lastKnownFileType = sourcecode.c.objc; path = SWRevealViewController.m; sourceTree = "<group>"; };
		7E0531F21AB5CBE90083CB08 /* SideMenuTableViewController.h */ = {isa = PBXFileReference; fileEncoding = 4; lastKnownFileType = sourcecode.c.h; path = SideMenuTableViewController.h; sourceTree = "<group>"; };
		7E0531F31AB5CBE90083CB08 /* SideMenuTableViewController.m */ = {isa = PBXFileReference; fileEncoding = 4; lastKnownFileType = sourcecode.c.objc; path = SideMenuTableViewController.m; sourceTree = "<group>"; };
		7E32914D1AB8746B005D7290 /* Helper.h */ = {isa = PBXFileReference; fileEncoding = 4; lastKnownFileType = sourcecode.c.h; path = Helper.h; sourceTree = "<group>"; };
		7E32914E1AB8746B005D7290 /* Helper.m */ = {isa = PBXFileReference; fileEncoding = 4; lastKnownFileType = sourcecode.c.objc; path = Helper.m; sourceTree = "<group>"; };
		7EA8C3B71AB9CC2800523C1A /* News.h */ = {isa = PBXFileReference; fileEncoding = 4; lastKnownFileType = sourcecode.c.h; path = News.h; sourceTree = "<group>"; };
		7EA8C3B81AB9CC2800523C1A /* News.m */ = {isa = PBXFileReference; fileEncoding = 4; lastKnownFileType = sourcecode.c.objc; path = News.m; sourceTree = "<group>"; };
		7EA8C3BA1AB9CC2900523C1A /* MataKuliah.h */ = {isa = PBXFileReference; fileEncoding = 4; lastKnownFileType = sourcecode.c.h; path = MataKuliah.h; sourceTree = "<group>"; };
		7EA8C3BB1AB9CC2900523C1A /* MataKuliah.m */ = {isa = PBXFileReference; fileEncoding = 4; lastKnownFileType = sourcecode.c.objc; path = MataKuliah.m; sourceTree = "<group>"; };
		7EA8C3BD1AB9CC2900523C1A /* MataKuliahMahasiswa.h */ = {isa = PBXFileReference; fileEncoding = 4; lastKnownFileType = sourcecode.c.h; path = MataKuliahMahasiswa.h; sourceTree = "<group>"; };
		7EA8C3BE1AB9CC2900523C1A /* MataKuliahMahasiswa.m */ = {isa = PBXFileReference; fileEncoding = 4; lastKnownFileType = sourcecode.c.objc; path = MataKuliahMahasiswa.m; sourceTree = "<group>"; };
		7EA8C3C01AB9CC2900523C1A /* SemesterMahasiswa.h */ = {isa = PBXFileReference; fileEncoding = 4; lastKnownFileType = sourcecode.c.h; path = SemesterMahasiswa.h; sourceTree = "<group>"; };
		7EA8C3C11AB9CC2900523C1A /* SemesterMahasiswa.m */ = {isa = PBXFileReference; fileEncoding = 4; lastKnownFileType = sourcecode.c.objc; path = SemesterMahasiswa.m; sourceTree = "<group>"; };
		7EA8C3C31AB9CC2900523C1A /* Mahasiswa.h */ = {isa = PBXFileReference; fileEncoding = 4; lastKnownFileType = sourcecode.c.h; path = Mahasiswa.h; sourceTree = "<group>"; };
		7EA8C3C41AB9CC2900523C1A /* Mahasiswa.m */ = {isa = PBXFileReference; fileEncoding = 4; lastKnownFileType = sourcecode.c.objc; path = Mahasiswa.m; sourceTree = "<group>"; };
		7EA8C3C61AB9CC2900523C1A /* Jurusan.h */ = {isa = PBXFileReference; fileEncoding = 4; lastKnownFileType = sourcecode.c.h; path = Jurusan.h; sourceTree = "<group>"; };
		7EA8C3C71AB9CC2900523C1A /* Jurusan.m */ = {isa = PBXFileReference; fileEncoding = 4; lastKnownFileType = sourcecode.c.objc; path = Jurusan.m; sourceTree = "<group>"; };
		7EA8C3C91AB9D7C900523C1A /* ProfileViewController.h */ = {isa = PBXFileReference; fileEncoding = 4; lastKnownFileType = sourcecode.c.h; path = ProfileViewController.h; sourceTree = "<group>"; };
		7EA8C3CA1AB9D7C900523C1A /* ProfileViewController.m */ = {isa = PBXFileReference; fileEncoding = 4; lastKnownFileType = sourcecode.c.objc; path = ProfileViewController.m; sourceTree = "<group>"; };
		7EA8C3CC1AB9D91300523C1A /* KrsTableViewController.h */ = {isa = PBXFileReference; fileEncoding = 4; lastKnownFileType = sourcecode.c.h; path = KrsTableViewController.h; sourceTree = "<group>"; };
		7EA8C3CD1AB9D91300523C1A /* KrsTableViewController.m */ = {isa = PBXFileReference; fileEncoding = 4; lastKnownFileType = sourcecode.c.objc; path = KrsTableViewController.m; sourceTree = "<group>"; };
		7EA8C3CF1AB9DA6C00523C1A /* StudyTableViewController.h */ = {isa = PBXFileReference; fileEncoding = 4; lastKnownFileType = sourcecode.c.h; path = StudyTableViewController.h; sourceTree = "<group>"; };
		7EA8C3D01AB9DA6C00523C1A /* StudyTableViewController.m */ = {isa = PBXFileReference; fileEncoding = 4; lastKnownFileType = sourcecode.c.objc; path = StudyTableViewController.m; sourceTree = "<group>"; };
		C96EE9DA1A32035A00204AA3 /* KRS Online.app */ = {isa = PBXFileReference; explicitFileType = wrapper.application; includeInIndex = 0; path = "KRS Online.app"; sourceTree = BUILT_PRODUCTS_DIR; };
		C96EE9DE1A32035A00204AA3 /* Info.plist */ = {isa = PBXFileReference; lastKnownFileType = text.plist.xml; path = Info.plist; sourceTree = "<group>"; };
		C96EE9DF1A32035A00204AA3 /* main.m */ = {isa = PBXFileReference; lastKnownFileType = sourcecode.c.objc; path = main.m; sourceTree = "<group>"; };
		C96EE9E11A32035A00204AA3 /* AppDelegate.h */ = {isa = PBXFileReference; lastKnownFileType = sourcecode.c.h; path = AppDelegate.h; sourceTree = "<group>"; };
		C96EE9E21A32035A00204AA3 /* AppDelegate.m */ = {isa = PBXFileReference; lastKnownFileType = sourcecode.c.objc; path = AppDelegate.m; sourceTree = "<group>"; };
		C96EE9E51A32035A00204AA3 /* KRS_Online.xcdatamodel */ = {isa = PBXFileReference; lastKnownFileType = wrapper.xcdatamodel; path = KRS_Online.xcdatamodel; sourceTree = "<group>"; };
		C96EE9E71A32035A00204AA3 /* ViewController.h */ = {isa = PBXFileReference; lastKnownFileType = sourcecode.c.h; path = ViewController.h; sourceTree = "<group>"; };
		C96EE9E81A32035A00204AA3 /* ViewController.m */ = {isa = PBXFileReference; lastKnownFileType = sourcecode.c.objc; path = ViewController.m; sourceTree = "<group>"; };
		C96EE9EB1A32035A00204AA3 /* Base */ = {isa = PBXFileReference; lastKnownFileType = file.storyboard; name = Base; path = Base.lproj/Main.storyboard; sourceTree = "<group>"; };
		C96EE9ED1A32035A00204AA3 /* Images.xcassets */ = {isa = PBXFileReference; lastKnownFileType = folder.assetcatalog; path = Images.xcassets; sourceTree = "<group>"; };
		C96EE9F31A32035A00204AA3 /* KRS OnlineTests.xctest */ = {isa = PBXFileReference; explicitFileType = wrapper.cfbundle; includeInIndex = 0; path = "KRS OnlineTests.xctest"; sourceTree = BUILT_PRODUCTS_DIR; };
		C96EE9F81A32035A00204AA3 /* Info.plist */ = {isa = PBXFileReference; lastKnownFileType = text.plist.xml; path = Info.plist; sourceTree = "<group>"; };
		C96EE9F91A32035B00204AA3 /* KRS_OnlineTests.m */ = {isa = PBXFileReference; lastKnownFileType = sourcecode.c.objc; path = KRS_OnlineTests.m; sourceTree = "<group>"; };
		C9934A001AB092D4009DA950 /* DashboardController.h */ = {isa = PBXFileReference; fileEncoding = 4; lastKnownFileType = sourcecode.c.h; path = DashboardController.h; sourceTree = "<group>"; };
		C9934A011AB092D4009DA950 /* DashboardController.m */ = {isa = PBXFileReference; fileEncoding = 4; lastKnownFileType = sourcecode.c.objc; path = DashboardController.m; sourceTree = "<group>"; };
/* End PBXFileReference section */

/* Begin PBXFrameworksBuildPhase section */
		C96EE9D71A32035A00204AA3 /* Frameworks */ = {
			isa = PBXFrameworksBuildPhase;
			buildActionMask = 2147483647;
			files = (
			);
			runOnlyForDeploymentPostprocessing = 0;
		};
		C96EE9F01A32035A00204AA3 /* Frameworks */ = {
			isa = PBXFrameworksBuildPhase;
			buildActionMask = 2147483647;
			files = (
			);
			runOnlyForDeploymentPostprocessing = 0;
		};
/* End PBXFrameworksBuildPhase section */

/* Begin PBXGroup section */
		7E0531F11AB5C8100083CB08 /* Library */ = {
			isa = PBXGroup;
			children = (
				7E0531EE1AB5C8050083CB08 /* SWRevealViewController.h */,
				7E0531EF1AB5C8050083CB08 /* SWRevealViewController.m */,
			);
			name = Library;
			sourceTree = "<group>";
		};
		7E3291501AB87472005D7290 /* Core */ = {
			isa = PBXGroup;
			children = (
				7E32914D1AB8746B005D7290 /* Helper.h */,
				7E32914E1AB8746B005D7290 /* Helper.m */,
			);
			name = Core;
			sourceTree = "<group>";
		};
		7EA8C3B61AB9CBF200523C1A /* Model */ = {
			isa = PBXGroup;
			children = (
				7EA8C3C61AB9CC2900523C1A /* Jurusan.h */,
				7EA8C3C71AB9CC2900523C1A /* Jurusan.m */,
				7EA8C3C31AB9CC2900523C1A /* Mahasiswa.h */,
				7EA8C3C41AB9CC2900523C1A /* Mahasiswa.m */,
				7EA8C3C01AB9CC2900523C1A /* SemesterMahasiswa.h */,
				7EA8C3C11AB9CC2900523C1A /* SemesterMahasiswa.m */,
				7EA8C3BD1AB9CC2900523C1A /* MataKuliahMahasiswa.h */,
				7EA8C3BE1AB9CC2900523C1A /* MataKuliahMahasiswa.m */,
				7EA8C3BA1AB9CC2900523C1A /* MataKuliah.h */,
				7EA8C3BB1AB9CC2900523C1A /* MataKuliah.m */,
				7EA8C3B71AB9CC2800523C1A /* News.h */,
				7EA8C3B81AB9CC2800523C1A /* News.m */,
			);
			name = Model;
			sourceTree = "<group>";
		};
		C96EE9D11A32035A00204AA3 = {
			isa = PBXGroup;
			children = (
				C96EE9DC1A32035A00204AA3 /* KRS Online */,
				C96EE9F61A32035A00204AA3 /* KRS OnlineTests */,
				C96EE9DB1A32035A00204AA3 /* Products */,
			);
			sourceTree = "<group>";
		};
		C96EE9DB1A32035A00204AA3 /* Products */ = {
			isa = PBXGroup;
			children = (
				C96EE9DA1A32035A00204AA3 /* KRS Online.app */,
				C96EE9F31A32035A00204AA3 /* KRS OnlineTests.xctest */,
			);
			name = Products;
			sourceTree = "<group>";
		};
		C96EE9DC1A32035A00204AA3 /* KRS Online */ = {
			isa = PBXGroup;
			children = (
				7EA8C3B61AB9CBF200523C1A /* Model */,
				7E3291501AB87472005D7290 /* Core */,
				7E0531F11AB5C8100083CB08 /* Library */,
				C96EE9E11A32035A00204AA3 /* AppDelegate.h */,
				C96EE9E21A32035A00204AA3 /* AppDelegate.m */,
				C96EE9E71A32035A00204AA3 /* ViewController.h */,
				C96EE9E81A32035A00204AA3 /* ViewController.m */,
				C9934A001AB092D4009DA950 /* DashboardController.h */,
				C9934A011AB092D4009DA950 /* DashboardController.m */,
				7EA8C3C91AB9D7C900523C1A /* ProfileViewController.h */,
				7EA8C3CA1AB9D7C900523C1A /* ProfileViewController.m */,
				7EA8C3CC1AB9D91300523C1A /* KrsTableViewController.h */,
				7EA8C3CD1AB9D91300523C1A /* KrsTableViewController.m */,
				7EA8C3CF1AB9DA6C00523C1A /* StudyTableViewController.h */,
				7EA8C3D01AB9DA6C00523C1A /* StudyTableViewController.m */,
				7E0531F21AB5CBE90083CB08 /* SideMenuTableViewController.h */,
				7E0531F31AB5CBE90083CB08 /* SideMenuTableViewController.m */,
				C96EE9EA1A32035A00204AA3 /* Main.storyboard */,
				C96EE9ED1A32035A00204AA3 /* Images.xcassets */,
				C96EE9E41A32035A00204AA3 /* KRS_Online.xcdatamodeld */,
				C96EE9DD1A32035A00204AA3 /* Supporting Files */,
			);
			path = "KRS Online";
			sourceTree = "<group>";
		};
		C96EE9DD1A32035A00204AA3 /* Supporting Files */ = {
			isa = PBXGroup;
			children = (
				C96EE9DE1A32035A00204AA3 /* Info.plist */,
				C96EE9DF1A32035A00204AA3 /* main.m */,
			);
			name = "Supporting Files";
			sourceTree = "<group>";
		};
		C96EE9F61A32035A00204AA3 /* KRS OnlineTests */ = {
			isa = PBXGroup;
			children = (
				C96EE9F91A32035B00204AA3 /* KRS_OnlineTests.m */,
				C96EE9F71A32035A00204AA3 /* Supporting Files */,
			);
			path = "KRS OnlineTests";
			sourceTree = "<group>";
		};
		C96EE9F71A32035A00204AA3 /* Supporting Files */ = {
			isa = PBXGroup;
			children = (
				C96EE9F81A32035A00204AA3 /* Info.plist */,
			);
			name = "Supporting Files";
			sourceTree = "<group>";
		};
/* End PBXGroup section */

/* Begin PBXNativeTarget section */
		C96EE9D91A32035A00204AA3 /* KRS Online */ = {
			isa = PBXNativeTarget;
			buildConfigurationList = C96EE9FD1A32035B00204AA3 /* Build configuration list for PBXNativeTarget "KRS Online" */;
			buildPhases = (
				C96EE9D61A32035A00204AA3 /* Sources */,
				C96EE9D71A32035A00204AA3 /* Frameworks */,
				C96EE9D81A32035A00204AA3 /* Resources */,
			);
			buildRules = (
			);
			dependencies = (
			);
			name = "KRS Online";
			productName = "KRS Online";
			productReference = C96EE9DA1A32035A00204AA3 /* KRS Online.app */;
			productType = "com.apple.product-type.application";
		};
		C96EE9F21A32035A00204AA3 /* KRS OnlineTests */ = {
			isa = PBXNativeTarget;
			buildConfigurationList = C96EEA001A32035B00204AA3 /* Build configuration list for PBXNativeTarget "KRS OnlineTests" */;
			buildPhases = (
				C96EE9EF1A32035A00204AA3 /* Sources */,
				C96EE9F01A32035A00204AA3 /* Frameworks */,
				C96EE9F11A32035A00204AA3 /* Resources */,
			);
			buildRules = (
			);
			dependencies = (
				C96EE9F51A32035A00204AA3 /* PBXTargetDependency */,
			);
			name = "KRS OnlineTests";
			productName = "KRS OnlineTests";
			productReference = C96EE9F31A32035A00204AA3 /* KRS OnlineTests.xctest */;
			productType = "com.apple.product-type.bundle.unit-test";
		};
/* End PBXNativeTarget section */

/* Begin PBXProject section */
		C96EE9D21A32035A00204AA3 /* Project object */ = {
			isa = PBXProject;
			attributes = {
				LastUpgradeCheck = 0600;
				ORGANIZATIONNAME = Zulham;
				TargetAttributes = {
					C96EE9D91A32035A00204AA3 = {
						CreatedOnToolsVersion = 6.0;
					};
					C96EE9F21A32035A00204AA3 = {
						CreatedOnToolsVersion = 6.0;
						TestTargetID = C96EE9D91A32035A00204AA3;
					};
				};
			};
			buildConfigurationList = C96EE9D51A32035A00204AA3 /* Build configuration list for PBXProject "KRS Online" */;
			compatibilityVersion = "Xcode 3.2";
			developmentRegion = English;
			hasScannedForEncodings = 0;
			knownRegions = (
				en,
				Base,
			);
			mainGroup = C96EE9D11A32035A00204AA3;
			productRefGroup = C96EE9DB1A32035A00204AA3 /* Products */;
			projectDirPath = "";
			projectRoot = "";
			targets = (
				C96EE9D91A32035A00204AA3 /* KRS Online */,
				C96EE9F21A32035A00204AA3 /* KRS OnlineTests */,
			);
		};
/* End PBXProject section */

/* Begin PBXResourcesBuildPhase section */
		C96EE9D81A32035A00204AA3 /* Resources */ = {
			isa = PBXResourcesBuildPhase;
			buildActionMask = 2147483647;
			files = (
				C96EE9EC1A32035A00204AA3 /* Main.storyboard in Resources */,
				C96EE9EE1A32035A00204AA3 /* Images.xcassets in Resources */,
			);
			runOnlyForDeploymentPostprocessing = 0;
		};
		C96EE9F11A32035A00204AA3 /* Resources */ = {
			isa = PBXResourcesBuildPhase;
			buildActionMask = 2147483647;
			files = (
			);
			runOnlyForDeploymentPostprocessing = 0;
		};
/* End PBXResourcesBuildPhase section */

/* Begin PBXSourcesBuildPhase section */
		C96EE9D61A32035A00204AA3 /* Sources */ = {
			isa = PBXSourcesBuildPhase;
			buildActionMask = 2147483647;
			files = (
				C96EE9E61A32035A00204AA3 /* KRS_Online.xcdatamodeld in Sources */,
				C96EE9E31A32035A00204AA3 /* AppDelegate.m in Sources */,
				7EA8C3B91AB9CC2800523C1A /* News.m in Sources */,
				C96EE9E91A32035A00204AA3 /* ViewController.m in Sources */,
				7EA8C3CB1AB9D7C900523C1A /* ProfileViewController.m in Sources */,
				7EA8C3C21AB9CC2900523C1A /* SemesterMahasiswa.m in Sources */,
				7E32914F1AB8746B005D7290 /* Helper.m in Sources */,
				7EA8C3D11AB9DA6C00523C1A /* StudyTableViewController.m in Sources */,
				C9934A021AB092D4009DA950 /* DashboardController.m in Sources */,
				7EA8C3BF1AB9CC2900523C1A /* MataKuliahMahasiswa.m in Sources */,
				C96EE9E01A32035A00204AA3 /* main.m in Sources */,
				7EA8C3CE1AB9D91300523C1A /* KrsTableViewController.m in Sources */,
				7EA8C3C51AB9CC2900523C1A /* Mahasiswa.m in Sources */,
				7E0531F41AB5CBE90083CB08 /* SideMenuTableViewController.m in Sources */,
				7EA8C3BC1AB9CC2900523C1A /* MataKuliah.m in Sources */,
				7EA8C3C81AB9CC2900523C1A /* Jurusan.m in Sources */,
				7E0531F01AB5C8050083CB08 /* SWRevealViewController.m in Sources */,
			);
			runOnlyForDeploymentPostprocessing = 0;
		};
		C96EE9EF1A32035A00204AA3 /* Sources */ = {
			isa = PBXSourcesBuildPhase;
			buildActionMask = 2147483647;
			files = (
				C96EE9FA1A32035B00204AA3 /* KRS_OnlineTests.m in Sources */,
			);
			runOnlyForDeploymentPostprocessing = 0;
		};
/* End PBXSourcesBuildPhase section */

/* Begin PBXTargetDependency section */
		C96EE9F51A32035A00204AA3 /* PBXTargetDependency */ = {
			isa = PBXTargetDependency;
			target = C96EE9D91A32035A00204AA3 /* KRS Online */;
			targetProxy = C96EE9F41A32035A00204AA3 /* PBXContainerItemProxy */;
		};
/* End PBXTargetDependency section */

/* Begin PBXVariantGroup section */
		C96EE9EA1A32035A00204AA3 /* Main.storyboard */ = {
			isa = PBXVariantGroup;
			children = (
				C96EE9EB1A32035A00204AA3 /* Base */,
			);
			name = Main.storyboard;
			sourceTree = "<group>";
		};
/* End PBXVariantGroup section */

/* Begin XCBuildConfiguration section */
		C96EE9FB1A32035B00204AA3 /* Debug */ = {
			isa = XCBuildConfiguration;
			buildSettings = {
				ALWAYS_SEARCH_USER_PATHS = NO;
				CLANG_CXX_LANGUAGE_STANDARD = "gnu++0x";
				CLANG_CXX_LIBRARY = "libc++";
				CLANG_ENABLE_MODULES = YES;
				CLANG_ENABLE_OBJC_ARC = YES;
				CLANG_WARN_BOOL_CONVERSION = YES;
				CLANG_WARN_CONSTANT_CONVERSION = YES;
				CLANG_WARN_DIRECT_OBJC_ISA_USAGE = YES_ERROR;
				CLANG_WARN_EMPTY_BODY = YES;
				CLANG_WARN_ENUM_CONVERSION = YES;
				CLANG_WARN_INT_CONVERSION = YES;
				CLANG_WARN_OBJC_ROOT_CLASS = YES_ERROR;
				CLANG_WARN_UNREACHABLE_CODE = YES;
				CLANG_WARN__DUPLICATE_METHOD_MATCH = YES;
				"CODE_SIGN_IDENTITY[sdk=iphoneos*]" = "iPhone Developer";
				COPY_PHASE_STRIP = NO;
				ENABLE_STRICT_OBJC_MSGSEND = YES;
				GCC_C_LANGUAGE_STANDARD = gnu99;
				GCC_DYNAMIC_NO_PIC = NO;
				GCC_OPTIMIZATION_LEVEL = 0;
				GCC_PREPROCESSOR_DEFINITIONS = (
					"DEBUG=1",
					"$(inherited)",
				);
				GCC_SYMBOLS_PRIVATE_EXTERN = NO;
				GCC_WARN_64_TO_32_BIT_CONVERSION = YES;
				GCC_WARN_ABOUT_RETURN_TYPE = YES_ERROR;
				GCC_WARN_UNDECLARED_SELECTOR = YES;
				GCC_WARN_UNINITIALIZED_AUTOS = YES_AGGRESSIVE;
				GCC_WARN_UNUSED_FUNCTION = YES;
				GCC_WARN_UNUSED_VARIABLE = YES;
				IPHONEOS_DEPLOYMENT_TARGET = 8.0;
				MTL_ENABLE_DEBUG_INFO = YES;
				ONLY_ACTIVE_ARCH = YES;
				SDKROOT = iphoneos;
			};
			name = Debug;
		};
		C96EE9FC1A32035B00204AA3 /* Release */ = {
			isa = XCBuildConfiguration;
			buildSettings = {
				ALWAYS_SEARCH_USER_PATHS = NO;
				CLANG_CXX_LANGUAGE_STANDARD = "gnu++0x";
				CLANG_CXX_LIBRARY = "libc++";
				CLANG_ENABLE_MODULES = YES;
				CLANG_ENABLE_OBJC_ARC = YES;
				CLANG_WARN_BOOL_CONVERSION = YES;
				CLANG_WARN_CONSTANT_CONVERSION = YES;
				CLANG_WARN_DIRECT_OBJC_ISA_USAGE = YES_ERROR;
				CLANG_WARN_EMPTY_BODY = YES;
				CLANG_WARN_ENUM_CONVERSION = YES;
				CLANG_WARN_INT_CONVERSION = YES;
				CLANG_WARN_OBJC_ROOT_CLASS = YES_ERROR;
				CLANG_WARN_UNREACHABLE_CODE = YES;
				CLANG_WARN__DUPLICATE_METHOD_MATCH = YES;
				"CODE_SIGN_IDENTITY[sdk=iphoneos*]" = "iPhone Developer";
				COPY_PHASE_STRIP = YES;
				ENABLE_NS_ASSERTIONS = NO;
				ENABLE_STRICT_OBJC_MSGSEND = YES;
				GCC_C_LANGUAGE_STANDARD = gnu99;
				GCC_WARN_64_TO_32_BIT_CONVERSION = YES;
				GCC_WARN_ABOUT_RETURN_TYPE = YES_ERROR;
				GCC_WARN_UNDECLARED_SELECTOR = YES;
				GCC_WARN_UNINITIALIZED_AUTOS = YES_AGGRESSIVE;
				GCC_WARN_UNUSED_FUNCTION = YES;
				GCC_WARN_UNUSED_VARIABLE = YES;
				IPHONEOS_DEPLOYMENT_TARGET = 8.0;
				MTL_ENABLE_DEBUG_INFO = NO;
				SDKROOT = iphoneos;
				VALIDATE_PRODUCT = YES;
			};
			name = Release;
		};
		C96EE9FE1A32035B00204AA3 /* Debug */ = {
			isa = XCBuildConfiguration;
			buildSettings = {
				ASSETCATALOG_COMPILER_APPICON_NAME = AppIcon;
				ASSETCATALOG_COMPILER_LAUNCHIMAGE_NAME = LaunchImage;
				INFOPLIST_FILE = "KRS Online/Info.plist";
				LD_RUNPATH_SEARCH_PATHS = "$(inherited) @executable_path/Frameworks";
				PRODUCT_NAME = "$(TARGET_NAME)";
			};
			name = Debug;
		};
		C96EE9FF1A32035B00204AA3 /* Release */ = {
			isa = XCBuildConfiguration;
			buildSettings = {
				ASSETCATALOG_COMPILER_APPICON_NAME = AppIcon;
				ASSETCATALOG_COMPILER_LAUNCHIMAGE_NAME = LaunchImage;
				INFOPLIST_FILE = "KRS Online/Info.plist";
				LD_RUNPATH_SEARCH_PATHS = "$(inherited) @executable_path/Frameworks";
				PRODUCT_NAME = "$(TARGET_NAME)";
			};
			name = Release;
		};
		C96EEA011A32035B00204AA3 /* Debug */ = {
			isa = XCBuildConfiguration;
			buildSettings = {
				BUNDLE_LOADER = "$(TEST_HOST)";
				FRAMEWORK_SEARCH_PATHS = (
					"$(SDKROOT)/Developer/Library/Frameworks",
					"$(inherited)",
				);
				GCC_PREPROCESSOR_DEFINITIONS = (
					"DEBUG=1",
					"$(inherited)",
				);
				INFOPLIST_FILE = "KRS OnlineTests/Info.plist";
				LD_RUNPATH_SEARCH_PATHS = "$(inherited) @executable_path/Frameworks @loader_path/Frameworks";
				PRODUCT_NAME = "$(TARGET_NAME)";
				TEST_HOST = "$(BUILT_PRODUCTS_DIR)/KRS Online.app/KRS Online";
			};
			name = Debug;
		};
		C96EEA021A32035B00204AA3 /* Release */ = {
			isa = XCBuildConfiguration;
			buildSettings = {
				BUNDLE_LOADER = "$(TEST_HOST)";
				FRAMEWORK_SEARCH_PATHS = (
					"$(SDKROOT)/Developer/Library/Frameworks",
					"$(inherited)",
				);
				INFOPLIST_FILE = "KRS OnlineTests/Info.plist";
				LD_RUNPATH_SEARCH_PATHS = "$(inherited) @executable_path/Frameworks @loader_path/Frameworks";
				PRODUCT_NAME = "$(TARGET_NAME)";
				TEST_HOST = "$(BUILT_PRODUCTS_DIR)/KRS Online.app/KRS Online";
			};
			name = Release;
		};
/* End XCBuildConfiguration section */

/* Begin XCConfigurationList section */
		C96EE9D51A32035A00204AA3 /* Build configuration list for PBXProject "KRS Online" */ = {
			isa = XCConfigurationList;
			buildConfigurations = (
				C96EE9FB1A32035B00204AA3 /* Debug */,
				C96EE9FC1A32035B00204AA3 /* Release */,
			);
			defaultConfigurationIsVisible = 0;
			defaultConfigurationName = Release;
		};
		C96EE9FD1A32035B00204AA3 /* Build configuration list for PBXNativeTarget "KRS Online" */ = {
			isa = XCConfigurationList;
			buildConfigurations = (
				C96EE9FE1A32035B00204AA3 /* Debug */,
				C96EE9FF1A32035B00204AA3 /* Release */,
			);
			defaultConfigurationIsVisible = 0;
			defaultConfigurationName = Release;
		};
		C96EEA001A32035B00204AA3 /* Build configuration list for PBXNativeTarget "KRS OnlineTests" */ = {
			isa = XCConfigurationList;
			buildConfigurations = (
				C96EEA011A32035B00204AA3 /* Debug */,
				C96EEA021A32035B00204AA3 /* Release */,
			);
			defaultConfigurationIsVisible = 0;
			defaultConfigurationName = Release;
		};
/* End XCConfigurationList section */

/* Begin XCVersionGroup section */
		C96EE9E41A32035A00204AA3 /* KRS_Online.xcdatamodeld */ = {
			isa = XCVersionGroup;
			children = (
				C96EE9E51A32035A00204AA3 /* KRS_Online.xcdatamodel */,
			);
			currentVersion = C96EE9E51A32035A00204AA3 /* KRS_Online.xcdatamodel */;
			path = KRS_Online.xcdatamodeld;
			sourceTree = "<group>";
			versionGroupType = wrapper.xcdatamodel;
		};
/* End XCVersionGroup section */
	};
	rootObject = C96EE9D21A32035A00204AA3 /* Project object */;
}
